
Microsoft Visual Studio Solution File, Format Version 12.00
# Visual Studio Version 16
VisualStudioVersion = 16.0.30523.141
MinimumVisualStudioVersion = 10.0.40219.1
Project("{FAE04EC0-301F-11D3-BF4B-00C04F79EFBC}") = "BasvuruPortal", "BasvuruPortal\BasvuruPortal.csproj", "{EDF05EA0-F3E8-4E9B-98DF-DCCB8DB38802}"
EndProject
Global
	GlobalSection(SolutionConfigurationPlatforms) = preSolution
		Debug|Any CPU = Debug|Any CPU
		Release|Any CPU = Release|Any CPU
	EndGlobalSection
	GlobalSection(ProjectConfigurationPlatforms) = postSolution
		{EDF05EA0-F3E8-4E9B-98DF-DCCB8DB38802}.Debug|Any CPU.ActiveCfg = Debug|Any CPU
		{EDF05EA0-F3E8-4E9B-98DF-DCCB8DB38802}.Debug|Any CPU.Build.0 = Debug|Any CPU
		{EDF05EA0-F3E8-4E9B-98DF-DCCB8DB38802}.Release|Any CPU.ActiveCfg = Release|Any CPU
		{EDF05EA0-F3E8-4E9B-98DF-DCCB8DB38802}.Release|Any CPU.Build.0 = Release|Any CPU
	EndGlobalSection
	GlobalSection(SolutionProperties) = preSolution
		HideSolutionNode = FALSE
	EndGlobalSection
	GlobalSection(ExtensibilityGlobals) = postSolution
		SolutionGuid = {F84AFB8B-7F98-45D0-A276-C31317351297}
	EndGlobalSection
EndGlobal
